
Microsoft Visual Studio Solution File, Format Version 12.00
# Visual Studio Version 16
VisualStudioVersion = 16.0.29102.190
MinimumVisualStudioVersion = 10.0.40219.1
Project("{FAE04EC0-301F-11D3-BF4B-00C04F79EFBC}") = "FairManagement", "FairManagement\FairManagement.csproj", "{D4A790D3-5962-4C55-96E2-1E60BB63D9E7}"
EndProject
Global
	GlobalSection(SolutionConfigurationPlatforms) = preSolution
		Debug|Any CPU = Debug|Any CPU
		Release|Any CPU = Release|Any CPU
	EndGlobalSection
	GlobalSection(ProjectConfigurationPlatforms) = postSolution
		{D4A790D3-5962-4C55-96E2-1E60BB63D9E7}.Debug|Any CPU.ActiveCfg = Debug|Any CPU
		{D4A790D3-5962-4C55-96E2-1E60BB63D9E7}.Debug|Any CPU.Build.0 = Debug|Any CPU
		{D4A790D3-5962-4C55-96E2-1E60BB63D9E7}.Release|Any CPU.ActiveCfg = Release|Any CPU
		{D4A790D3-5962-4C55-96E2-1E60BB63D9E7}.Release|Any CPU.Build.0 = Release|Any CPU
	EndGlobalSection
	GlobalSection(SolutionProperties) = preSolution
		HideSolutionNode = FALSE
	EndGlobalSection
	GlobalSection(ExtensibilityGlobals) = postSolution
		SolutionGuid = {46CC35E6-13C5-4736-BD01-AADCA98DEF36}
	EndGlobalSection
EndGlobal
